// !$*UTF8*$!
{
	archiveVersion = 1;
	classes = {
	};
	objectVersion = 50;
	objects = {

/* Begin PBXBuildFile section */
		CFD29EBD20F4F0ED00EC3A9C /* AppDelegate.swift in Sources */ = {isa = PBXBuildFile; fileRef = CFD29EBC20F4F0ED00EC3A9C /* AppDelegate.swift */; };
		CFD29EBF20F4F0ED00EC3A9C /* ViewController.swift in Sources */ = {isa = PBXBuildFile; fileRef = CFD29EBE20F4F0ED00EC3A9C /* ViewController.swift */; };
		CFD29EC220F4F0ED00EC3A9C /* Main.storyboard in Resources */ = {isa = PBXBuildFile; fileRef = CFD29EC020F4F0ED00EC3A9C /* Main.storyboard */; };
		CFD29EC420F4F0F000EC3A9C /* Assets.xcassets in Resources */ = {isa = PBXBuildFile; fileRef = CFD29EC320F4F0F000EC3A9C /* Assets.xcassets */; };
		CFD29EC720F4F0F000EC3A9C /* LaunchScreen.storyboard in Resources */ = {isa = PBXBuildFile; fileRef = CFD29EC520F4F0F000EC3A9C /* LaunchScreen.storyboard */; };
/* End PBXBuildFile section */

/* Begin PBXFileReference section */
		CFD29EB920F4F0ED00EC3A9C /* Memroids.app */ = {isa = PBXFileReference; explicitFileType = wrapper.application; includeInIndex = 0; path = Memroids.app; sourceTree = BUILT_PRODUCTS_DIR; };
		CFD29EBC20F4F0ED00EC3A9C /* AppDelegate.swift */ = {isa = PBXFileReference; lastKnownFileType = sourcecode.swift; path = AppDelegate.swift; sourceTree = "<group>"; };
		CFD29EBE20F4F0ED00EC3A9C /* ViewController.swift */ = {isa = PBXFileReference; lastKnownFileType = sourcecode.swift; path = ViewController.swift; sourceTree = "<group>"; };
		CFD29EC120F4F0ED00EC3A9C /* Base */ = {isa = PBXFileReference; lastKnownFileType = file.storyboard; name = Base; path = Base.lproj/Main.storyboard; sourceTree = "<group>"; };
		CFD29EC320F4F0F000EC3A9C /* Assets.xcassets */ = {isa = PBXFileReference; lastKnownFileType = folder.assetcatalog; path = Assets.xcassets; sourceTree = "<group>"; };
		CFD29EC620F4F0F000EC3A9C /* Base */ = {isa = PBXFileReference; lastKnownFileType = file.storyboard; name = Base; path = Base.lproj/LaunchScreen.storyboard; sourceTree = "<group>"; };
		CFD29EC820F4F0F000EC3A9C /* Info.plist */ = {isa = PBXFileReference; lastKnownFileType = text.plist.xml; path = Info.plist; sourceTree = "<group>"; };
/* End PBXFileReference section */

/* Begin PBXFrameworksBuildPhase section */
		CFD29EB620F4F0ED00EC3A9C /* Frameworks */ = {
			isa = PBXFrameworksBuildPhase;
			buildActionMask = 2147483647;
			files = (
			);
			runOnlyForDeploymentPostprocessing = 0;
		};
/* End PBXFrameworksBuildPhase section */

/* Begin PBXGroup section */
		CFD29EB020F4F0ED00EC3A9C = {
			isa = PBXGroup;
			children = (
				CFD29EBB20F4F0ED00EC3A9C /* Memroids */,
				CFD29EBA20F4F0ED00EC3A9C /* Products */,
			);
			sourceTree = "<group>";
		};
		CFD29EBA20F4F0ED00EC3A9C /* Products */ = {
			isa = PBXGroup;
			children = (
				CFD29EB920F4F0ED00EC3A9C /* Memroids.app */,
			);
			name = Products;
			sourceTree = "<group>";
		};
		CFD29EBB20F4F0ED00EC3A9C /* Memroids */ = {
			isa = PBXGroup;
			children = (
				CFD29EBC20F4F0ED00EC3A9C /* AppDelegate.swift */,
				CFD29EBE20F4F0ED00EC3A9C /* ViewController.swift */,
				CFD29EC020F4F0ED00EC3A9C /* Main.storyboard */,
				CFD29EC320F4F0F000EC3A9C /* Assets.xcassets */,
				CFD29EC520F4F0F000EC3A9C /* LaunchScreen.storyboard */,
				CFD29EC820F4F0F000EC3A9C /* Info.plist */,
			);
			path = Memroids;
			sourceTree = "<group>";
		};
/* End PBXGroup section */

/* Begin PBXNativeTarget section */
		CFD29EB820F4F0ED00EC3A9C /* Memroids */ = {
			isa = PBXNativeTarget;
			buildConfigurationList = CFD29ECB20F4F0F000EC3A9C /* Build configuration list for PBXNativeTarget "Memroids" */;
			buildPhases = (
				CFD29EB520F4F0ED00EC3A9C /* Sources */,
				CFD29EB620F4F0ED00EC3A9C /* Frameworks */,
				CFD29EB720F4F0ED00EC3A9C /* Resources */,
			);
			buildRules = (
			);
			dependencies = (
			);
			name = Memroids;
			productName = Memroids;
			productReference = CFD29EB920F4F0ED00EC3A9C /* Memroids.app */;
			productType = "com.apple.product-type.application";
		};
/* End PBXNativeTarget section */

/* Begin PBXProject section */
		CFD29EB120F4F0ED00EC3A9C /* Project object */ = {
			isa = PBXProject;
			attributes = {
				LastSwiftUpdateCheck = 0940;
				LastUpgradeCheck = 0940;
				ORGANIZATIONNAME = bkitor;
				TargetAttributes = {
					CFD29EB820F4F0ED00EC3A9C = {
						CreatedOnToolsVersion = 9.4.1;
					};
				};
			};
			buildConfigurationList = CFD29EB420F4F0ED00EC3A9C /* Build configuration list for PBXProject "Memroids" */;
			compatibilityVersion = "Xcode 9.3";
			developmentRegion = en;
			hasScannedForEncodings = 0;
			knownRegions = (
				en,
				Base,
			);
			mainGroup = CFD29EB020F4F0ED00EC3A9C;
			productRefGroup = CFD29EBA20F4F0ED00EC3A9C /* Products */;
			projectDirPath = "";
			projectRoot = "";
			targets = (
				CFD29EB820F4F0ED00EC3A9C /* Memroids */,
			);
		};
/* End PBXProject section */

/* Begin PBXResourcesBuildPhase section */
		CFD29EB720F4F0ED00EC3A9C /* Resources */ = {
			isa = PBXResourcesBuildPhase;
			buildActionMask = 2147483647;
			files = (
				CFD29EC720F4F0F000EC3A9C /* LaunchScreen.storyboard in Resources */,
				CFD29EC420F4F0F000EC3A9C /* Assets.xcassets in Resources */,
				CFD29EC220F4F0ED00EC3A9C /* Main.storyboard in Resources */,
			);
			runOnlyForDeploymentPostprocessing = 0;
		};
/* End PBXResourcesBuildPhase section */

/* Begin PBXSourcesBuildPhase section */
		CFD29EB520F4F0ED00EC3A9C /* Sources */ = {
			isa = PBXSourcesBuildPhase;
			buildActionMask = 2147483647;
			files = (
				CFD29EBF20F4F0ED00EC3A9C /* ViewController.swift in Sources */,
				CFD29EBD20F4F0ED00EC3A9C /* AppDelegate.swift in Sources */,
			);
			runOnlyForDeploymentPostprocessing = 0;
		};
/* End PBXSourcesBuildPhase section */

/* Begin PBXVariantGroup section */
		CFD29EC020F4F0ED00EC3A9C /* Main.storyboard */ = {
			isa = PBXVariantGroup;
			children = (
				CFD29EC120F4F0ED00EC3A9C /* Base */,
			);
			name = Main.storyboard;
			sourceTree = "<group>";
		};
		CFD29EC520F4F0F000EC3A9C /* LaunchScreen.storyboard */ = {
			isa = PBXVariantGroup;
			children = (
				CFD29EC620F4F0F000EC3A9C /* Base */,
			);
			name = LaunchScreen.storyboard;
			sourceTree = "<group>";
		};
/* End PBXVariantGroup section */

/* Begin XCBuildConfiguration section */
		CFD29EC920F4F0F000EC3A9C /* Debug */ = {
			isa = XCBuildConfiguration;
			buildSettings = {
				ALWAYS_SEARCH_USER_PATHS = NO;
				CLANG_ANALYZER_NONNULL = YES;
				CLANG_ANALYZER_NUMBER_OBJECT_CONVERSION = YES_AGGRESSIVE;
				CLANG_CXX_LANGUAGE_STANDARD = "gnu++14";
				CLANG_CXX_LIBRARY = "libc++";
				CLANG_ENABLE_MODULES = YES;
				CLANG_ENABLE_OBJC_ARC = YES;
				CLANG_ENABLE_OBJC_WEAK = YES;
				CLANG_WARN_BLOCK_CAPTURE_AUTORELEASING = YES;
				CLANG_WARN_BOOL_CONVERSION = YES;
				CLANG_WARN_COMMA = YES;
				CLANG_WARN_CONSTANT_CONVERSION = YES;
				CLANG_WARN_DEPRECATED_OBJC_IMPLEMENTATIONS = YES;
				CLANG_WARN_DIRECT_OBJC_ISA_USAGE = YES_ERROR;
				CLANG_WARN_DOCUMENTATION_COMMENTS = YES;
				CLANG_WARN_EMPTY_BODY = YES;
				CLANG_WARN_ENUM_CONVERSION = YES;
				CLANG_WARN_INFINITE_RECURSION = YES;
				CLANG_WARN_INT_CONVERSION = YES;
				CLANG_WARN_NON_LITERAL_NULL_CONVERSION = YES;
				CLANG_WARN_OBJC_IMPLICIT_RETAIN_SELF = YES;
				CLANG_WARN_OBJC_LITERAL_CONVERSION = YES;
				CLANG_WARN_OBJC_ROOT_CLASS = YES_ERROR;
				CLANG_WARN_RANGE_LOOP_ANALYSIS = YES;
				CLANG_WARN_STRICT_PROTOTYPES = YES;
				CLANG_WARN_SUSPICIOUS_MOVE = YES;
				CLANG_WARN_UNGUARDED_AVAILABILITY = YES_AGGRESSIVE;
				CLANG_WARN_UNREACHABLE_CODE = YES;
				CLANG_WARN__DUPLICATE_METHOD_MATCH = YES;
				CODE_SIGN_IDENTITY = "iPhone Developer";
				COPY_PHASE_STRIP = NO;
				DEBUG_INFORMATION_FORMAT = dwarf;
				ENABLE_STRICT_OBJC_MSGSEND = YES;
				ENABLE_TESTABILITY = YES;
				GCC_C_LANGUAGE_STANDARD = gnu11;
				GCC_DYNAMIC_NO_PIC = NO;
				GCC_NO_COMMON_BLOCKS = YES;
				GCC_OPTIMIZATION_LEVEL = 0;
				GCC_PREPROCESSOR_DEFINITIONS = (
					"DEBUG=1",
					"$(inherited)",
				);
				GCC_WARN_64_TO_32_BIT_CONVERSION = YES;
				GCC_WARN_ABOUT_RETURN_TYPE = YES_ERROR;
				GCC_WARN_UNDECLARED_SELECTOR = YES;
				GCC_WARN_UNINITIALIZED_AUTOS = YES_AGGRESSIVE;
				GCC_WARN_UNUSED_FUNCTION = YES;
				GCC_WARN_UNUSED_VARIABLE = YES;
				IPHONEOS_DEPLOYMENT_TARGET = 11.4;
				MTL_ENABLE_DEBUG_INFO = YES;
				ONLY_ACTIVE_ARCH = YES;
				SDKROOT = iphoneos;
				SWIFT_ACTIVE_COMPILATION_CONDITIONS = DEBUG;
				SWIFT_OPTIMIZATION_LEVEL = "-Onone";
			};
			name = Debug;
		};
		CFD29ECA20F4F0F000EC3A9C /* Release */ = {
			isa = XCBuildConfiguration;
			buildSettings = {
				ALWAYS_SEARCH_USER_PATHS = NO;
				CLANG_ANALYZER_NONNULL = YES;
				CLANG_ANALYZER_NUMBER_OBJECT_CONVERSION = YES_AGGRESSIVE;
				CLANG_CXX_LANGUAGE_STANDARD = "gnu++14";
				CLANG_CXX_LIBRARY = "libc++";
				CLANG_ENABLE_MODULES = YES;
				CLANG_ENABLE_OBJC_ARC = YES;
				CLANG_ENABLE_OBJC_WEAK = YES;
				CLANG_WARN_BLOCK_CAPTURE_AUTORELEASING = YES;
				CLANG_WARN_BOOL_CONVERSION = YES;
				CLANG_WARN_COMMA = YES;
				CLANG_WARN_CONSTANT_CONVERSION = YES;
				CLANG_WARN_DEPRECATED_OBJC_IMPLEMENTATIONS = YES;
				CLANG_WARN_DIRECT_OBJC_ISA_USAGE = YES_ERROR;
				CLANG_WARN_DOCUMENTATION_COMMENTS = YES;
				CLANG_WARN_EMPTY_BODY = YES;
				CLANG_WARN_ENUM_CONVERSION = YES;
				CLANG_WARN_INFINITE_RECURSION = YES;
				CLANG_WARN_INT_CONVERSION = YES;
				CLANG_WARN_NON_LITERAL_NULL_CONVERSION = YES;
				CLANG_WARN_OBJC_IMPLICIT_RETAIN_SELF = YES;
				CLANG_WARN_OBJC_LITERAL_CONVERSION = YES;
				CLANG_WARN_OBJC_ROOT_CLASS = YES_ERROR;
				CLANG_WARN_RANGE_LOOP_ANALYSIS = YES;
				CLANG_WARN_STRICT_PROTOTYPES = YES;
				CLANG_WARN_SUSPICIOUS_MOVE = YES;
				CLANG_WARN_UNGUARDED_AVAILABILITY = YES_AGGRESSIVE;
				CLANG_WARN_UNREACHABLE_CODE = YES;
				CLANG_WARN__DUPLICATE_METHOD_MATCH = YES;
				CODE_SIGN_IDENTITY = "iPhone Developer";
				COPY_PHASE_STRIP = NO;
				DEBUG_INFORMATION_FORMAT = "dwarf-with-dsym";
				ENABLE_NS_ASSERTIONS = NO;
				ENABLE_STRICT_OBJC_MSGSEND = YES;
				GCC_C_LANGUAGE_STANDARD = gnu11;
				GCC_NO_COMMON_BLOCKS = YES;
				GCC_WARN_64_TO_32_BIT_CONVERSION = YES;
				GCC_WARN_ABOUT_RETURN_TYPE = YES_ERROR;
				GCC_WARN_UNDECLARED_SELECTOR = YES;
				GCC_WARN_UNINITIALIZED_AUTOS = YES_AGGRESSIVE;
				GCC_WARN_UNUSED_FUNCTION = YES;
				GCC_WARN_UNUSED_VARIABLE = YES;
				IPHONEOS_DEPLOYMENT_TARGET = 11.4;
				MTL_ENABLE_DEBUG_INFO = NO;
				SDKROOT = iphoneos;
				SWIFT_COMPILATION_MODE = wholemodule;
				SWIFT_OPTIMIZATION_LEVEL = "-O";
				VALIDATE_PRODUCT = YES;
			};
			name = Release;
		};
		CFD29ECC20F4F0F000EC3A9C /* Debug */ = {
			isa = XCBuildConfiguration;
			buildSettings = {
				ASSETCATALOG_COMPILER_APPICON_NAME = AppIcon;
				CODE_SIGN_STYLE = Automatic;
				INFOPLIST_FILE = Memroids/Info.plist;
				LD_RUNPATH_SEARCH_PATHS = (
					"$(inherited)",
					"@executable_path/Frameworks",
				);
				PRODUCT_BUNDLE_IDENTIFIER = com.kitor.benjamin.Memroids;
				PRODUCT_NAME = "$(TARGET_NAME)";
				SWIFT_VERSION = 4.0;
				TARGETED_DEVICE_FAMILY = "1,2";
			};
			name = Debug;
		};
		CFD29ECD20F4F0F000EC3A9C /* Release */ = {
			isa = XCBuildConfiguration;
			buildSettings = {
				ASSETCATALOG_COMPILER_APPICON_NAME = AppIcon;
				CODE_SIGN_STYLE = Automatic;
				INFOPLIST_FILE = Memroids/Info.plist;
				LD_RUNPATH_SEARCH_PATHS = (
					"$(inherited)",
					"@executable_path/Frameworks",
				);
				PRODUCT_BUNDLE_IDENTIFIER = com.kitor.benjamin.Memroids;
				PRODUCT_NAME = "$(TARGET_NAME)";
				SWIFT_VERSION = 4.0;
				TARGETED_DEVICE_FAMILY = "1,2";
			};
			name = Release;
		};
/* End XCBuildConfiguration section */

/* Begin XCConfigurationList section */
		CFD29EB420F4F0ED00EC3A9C /* Build configuration list for PBXProject "Memroids" */ = {
			isa = XCConfigurationList;
			buildConfigurations = (
				CFD29EC920F4F0F000EC3A9C /* Debug */,
				CFD29ECA20F4F0F000EC3A9C /* Release */,
			);
			defaultConfigurationIsVisible = 0;
			defaultConfigurationName = Release;
		};
		CFD29ECB20F4F0F000EC3A9C /* Build configuration list for PBXNativeTarget "Memroids" */ = {
			isa = XCConfigurationList;
			buildConfigurations = (
				CFD29ECC20F4F0F000EC3A9C /* Debug */,
				CFD29ECD20F4F0F000EC3A9C /* Release */,
			);
			defaultConfigurationIsVisible = 0;
			defaultConfigurationName = Release;
		};
/* End XCConfigurationList section */
	};
	rootObject = CFD29EB120F4F0ED00EC3A9C /* Project object */;
}
